
Microsoft Visual Studio Solution File, Format Version 12.00
# Visual Studio Version 17
VisualStudioVersion = 17.5.33627.172
MinimumVisualStudioVersion = 10.0.40219.1
Project("{FAE04EC0-301F-11D3-BF4B-00C04F79EFBC}") = "ConsoleAppTesting", "ConsoleAppTesting\ConsoleAppTesting.csproj", "{FD3B2565-40B6-41E6-B04F-B34131ACAA96}"
EndProject
Global
	GlobalSection(SolutionConfigurationPlatforms) = preSolution
		Debug|Any CPU = Debug|Any CPU
		Release|Any CPU = Release|Any CPU
	EndGlobalSection
	GlobalSection(ProjectConfigurationPlatforms) = postSolution
		{FD3B2565-40B6-41E6-B04F-B34131ACAA96}.Debug|Any CPU.ActiveCfg = Debug|Any CPU
		{FD3B2565-40B6-41E6-B04F-B34131ACAA96}.Debug|Any CPU.Build.0 = Debug|Any CPU
		{FD3B2565-40B6-41E6-B04F-B34131ACAA96}.Release|Any CPU.ActiveCfg = Release|Any CPU
		{FD3B2565-40B6-41E6-B04F-B34131ACAA96}.Release|Any CPU.Build.0 = Release|Any CPU
	EndGlobalSection
	GlobalSection(SolutionProperties) = preSolution
		HideSolutionNode = FALSE
	EndGlobalSection
	GlobalSection(ExtensibilityGlobals) = postSolution
		SolutionGuid = {C20ECE89-1687-44FF-90E6-EF6508091A82}
	EndGlobalSection
EndGlobal
